
Microsoft Visual Studio Solution File, Format Version 12.00
# Visual Studio Version 16
VisualStudioVersion = 16.0.30225.117
MinimumVisualStudioVersion = 10.0.40219.1
Project("{FAE04EC0-301F-11D3-BF4B-00C04F79EFBC}") = "Encryption Computer Science", "Encryption Computer Science.csproj", "{B678B8DF-AA1E-45CE-AFBE-FE593DCE96FB}"
EndProject
Global
	GlobalSection(SolutionConfigurationPlatforms) = preSolution
		Debug|Any CPU = Debug|Any CPU
		Release|Any CPU = Release|Any CPU
	EndGlobalSection
	GlobalSection(ProjectConfigurationPlatforms) = postSolution
		{B678B8DF-AA1E-45CE-AFBE-FE593DCE96FB}.Debug|Any CPU.ActiveCfg = Debug|Any CPU
		{B678B8DF-AA1E-45CE-AFBE-FE593DCE96FB}.Debug|Any CPU.Build.0 = Debug|Any CPU
		{B678B8DF-AA1E-45CE-AFBE-FE593DCE96FB}.Release|Any CPU.ActiveCfg = Release|Any CPU
		{B678B8DF-AA1E-45CE-AFBE-FE593DCE96FB}.Release|Any CPU.Build.0 = Release|Any CPU
	EndGlobalSection
	GlobalSection(SolutionProperties) = preSolution
		HideSolutionNode = FALSE
	EndGlobalSection
	GlobalSection(ExtensibilityGlobals) = postSolution
		SolutionGuid = {109147F5-95ED-415E-9EC6-0AB9C4BE18A3}
	EndGlobalSection
EndGlobal
